
Microsoft Visual Studio Solution File, Format Version 12.00
# Visual Studio Version 17
VisualStudioVersion = 17.4.33213.308
MinimumVisualStudioVersion = 10.0.40219.1
Project("{FAE04EC0-301F-11D3-BF4B-00C04F79EFBC}") = "LuckySister.Console", "LuckySister.Console\LuckySister.Console.csproj", "{EC8DC5A2-6924-4420-ABC3-322DEAA7683D}"
EndProject
Global
	GlobalSection(SolutionConfigurationPlatforms) = preSolution
		Debug|Any CPU = Debug|Any CPU
		Release|Any CPU = Release|Any CPU
	EndGlobalSection
	GlobalSection(ProjectConfigurationPlatforms) = postSolution
		{EC8DC5A2-6924-4420-ABC3-322DEAA7683D}.Debug|Any CPU.ActiveCfg = Debug|Any CPU
		{EC8DC5A2-6924-4420-ABC3-322DEAA7683D}.Debug|Any CPU.Build.0 = Debug|Any CPU
		{EC8DC5A2-6924-4420-ABC3-322DEAA7683D}.Release|Any CPU.ActiveCfg = Release|Any CPU
		{EC8DC5A2-6924-4420-ABC3-322DEAA7683D}.Release|Any CPU.Build.0 = Release|Any CPU
	EndGlobalSection
	GlobalSection(SolutionProperties) = preSolution
		HideSolutionNode = FALSE
	EndGlobalSection
	GlobalSection(ExtensibilityGlobals) = postSolution
		SolutionGuid = {898BBA51-0651-486C-98D9-E28F59870C83}
	EndGlobalSection
EndGlobal
